
Microsoft Visual Studio Solution File, Format Version 12.00
# Visual Studio 2012
Project("{FAE04EC0-301F-11D3-BF4B-00C04F79EFBC}") = "DocumentFormat.OpenXml", "DocumentFormat.OpenXml\DocumentFormat.OpenXml.csproj", "{E5D39C6A-9067-477E-B0D3-A9419B86E6E5}"
EndProject
Project("{FAE04EC0-301F-11D3-BF4B-00C04F79EFBC}") = "System.IO.Packaging", "System.IO.Packaging\System.IO.Packaging.csproj", "{4C88A3AD-1241-4A04-854B-8372DF29828D}"
EndProject
Project("{FAE04EC0-301F-11D3-BF4B-00C04F79EFBC}") = "System.IO.Packaging.Tests", "System.IO.Packaging.Tests\System.IO.Packaging.Tests.csproj", "{78E2D77F-FCA9-4809-BB75-0AC76DF9B95D}"
EndProject
Project("{FAE04EC0-301F-11D3-BF4B-00C04F79EFBC}") = "DocumentFormat.OpenXml.Tests", "DocumentFormat.OpenXml.Tests\DocumentFormat.OpenXml.Tests.csproj", "{CFC3F992-E450-4D7F-9ADB-22212AAC650A}"
EndProject
Project("{2150E333-8FDC-42A3-9474-1A3956D46DE8}") = ".nuget", ".nuget", "{E43CE613-45B8-4FFC-AE29-3876ABD68244}"
	ProjectSection(SolutionItems) = preProject
		.nuget\packages.config = .nuget\packages.config
	EndProjectSection
EndProject
Project("{FAE04EC0-301F-11D3-BF4B-00C04F79EFBC}") = "DocumentFormat.OpenXml.WB", "DocumentFormat.OpenXml.WB\DocumentFormat.OpenXml.WB.csproj", "{55FB0A8A-B816-4DC9-9BB4-4DB5B5950F5A}"
EndProject
Project("{FAE04EC0-301F-11D3-BF4B-00C04F79EFBC}") = "DocumentFormat.OpenXml.WB.Tests", "DocumentFormat.OpenXml.WB.Tests\DocumentFormat.OpenXml.WB.Tests.csproj", "{CD991B25-9DDE-4480-BC90-0B9F3428BDFC}"
EndProject
Project("{FAE04EC0-301F-11D3-BF4B-00C04F79EFBC}") = "TestUtil", "TestUtil\TestUtil.csproj", "{B63E969B-F7EC-4B6C-8540-67FC0C0C3E56}"
EndProject
Project("{FAE04EC0-301F-11D3-BF4B-00C04F79EFBC}") = "CreateMinWordDoc", "Demo\WordprocessingML\CreateMinWordDoc\CreateMinWordDoc\CreateMinWordDoc.csproj", "{6088A89B-FE24-4E9C-AAE7-07C52617DB0F}"
	ProjectSection(ProjectDependencies) = postProject
		{4C88A3AD-1241-4A04-854B-8372DF29828D} = {4C88A3AD-1241-4A04-854B-8372DF29828D}
	EndProjectSection
EndProject
Project("{2150E333-8FDC-42A3-9474-1A3956D46DE8}") = "Demo", "Demo", "{CCC8BB91-AFB4-4FDC-BE62-34F74F08B2CC}"
EndProject
Project("{FAE04EC0-301F-11D3-BF4B-00C04F79EFBC}") = "WriteDoc", "Demo\WordprocessingML\CreateMinWordDoc\WriteDoc\WriteDoc.csproj", "{FF55887C-E1C5-4E0F-92C3-CDAFCC3C5B6B}"
EndProject
Project("{FAE04EC0-301F-11D3-BF4B-00C04F79EFBC}") = "CreateTableInDoc", "Demo\WordprocessingML\CreateMinWordDoc\CreateTableInDoc\CreateTableInDoc.csproj", "{F2AC566D-340C-4FC3-8634-AD600C8F42E1}"
EndProject
Project("{FAE04EC0-301F-11D3-BF4B-00C04F79EFBC}") = "CreateBasicWord", "Demo\WordprocessingML\CreateMinWordDoc\CreateBasicWord\CreateBasicWord.csproj", "{18ADC45C-F53D-40C2-B000-237796AC1E67}"
EndProject
Project("{FAE04EC0-301F-11D3-BF4B-00C04F79EFBC}") = "ApplyStyleParagraph", "Demo\WordprocessingML\CreateMinWordDoc\ApplyStyleParagraph\ApplyStyleParagraph.csproj", "{205F9D70-68CC-4EC2-81D3-BEEA6A979609}"
EndProject
Project("{2150E333-8FDC-42A3-9474-1A3956D46DE8}") = "Solution Items", "Solution Items", "{4A80D09C-FC21-4933-956A-6B46128D2706}"
	ProjectSection(SolutionItems) = preProject
		开发纪要.txt = 开发纪要.txt
	EndProjectSection
EndProject
Global
	GlobalSection(SolutionConfigurationPlatforms) = preSolution
		Debug|Any CPU = Debug|Any CPU
		Release|Any CPU = Release|Any CPU
	EndGlobalSection
	GlobalSection(ProjectConfigurationPlatforms) = postSolution
		{E5D39C6A-9067-477E-B0D3-A9419B86E6E5}.Debug|Any CPU.ActiveCfg = Debug|Any CPU
		{E5D39C6A-9067-477E-B0D3-A9419B86E6E5}.Debug|Any CPU.Build.0 = Debug|Any CPU
		{E5D39C6A-9067-477E-B0D3-A9419B86E6E5}.Release|Any CPU.ActiveCfg = Release|Any CPU
		{E5D39C6A-9067-477E-B0D3-A9419B86E6E5}.Release|Any CPU.Build.0 = Release|Any CPU
		{4C88A3AD-1241-4A04-854B-8372DF29828D}.Debug|Any CPU.ActiveCfg = Debug|Any CPU
		{4C88A3AD-1241-4A04-854B-8372DF29828D}.Debug|Any CPU.Build.0 = Debug|Any CPU
		{4C88A3AD-1241-4A04-854B-8372DF29828D}.Release|Any CPU.ActiveCfg = Release|Any CPU
		{4C88A3AD-1241-4A04-854B-8372DF29828D}.Release|Any CPU.Build.0 = Release|Any CPU
		{78E2D77F-FCA9-4809-BB75-0AC76DF9B95D}.Debug|Any CPU.ActiveCfg = Debug|Any CPU
		{78E2D77F-FCA9-4809-BB75-0AC76DF9B95D}.Debug|Any CPU.Build.0 = Debug|Any CPU
		{78E2D77F-FCA9-4809-BB75-0AC76DF9B95D}.Release|Any CPU.ActiveCfg = Release|Any CPU
		{78E2D77F-FCA9-4809-BB75-0AC76DF9B95D}.Release|Any CPU.Build.0 = Release|Any CPU
		{CFC3F992-E450-4D7F-9ADB-22212AAC650A}.Debug|Any CPU.ActiveCfg = Debug|Any CPU
		{CFC3F992-E450-4D7F-9ADB-22212AAC650A}.Debug|Any CPU.Build.0 = Debug|Any CPU
		{CFC3F992-E450-4D7F-9ADB-22212AAC650A}.Release|Any CPU.ActiveCfg = Release|Any CPU
		{CFC3F992-E450-4D7F-9ADB-22212AAC650A}.Release|Any CPU.Build.0 = Release|Any CPU
		{55FB0A8A-B816-4DC9-9BB4-4DB5B5950F5A}.Debug|Any CPU.ActiveCfg = Debug|Any CPU
		{55FB0A8A-B816-4DC9-9BB4-4DB5B5950F5A}.Debug|Any CPU.Build.0 = Debug|Any CPU
		{55FB0A8A-B816-4DC9-9BB4-4DB5B5950F5A}.Release|Any CPU.ActiveCfg = Release|Any CPU
		{55FB0A8A-B816-4DC9-9BB4-4DB5B5950F5A}.Release|Any CPU.Build.0 = Release|Any CPU
		{CD991B25-9DDE-4480-BC90-0B9F3428BDFC}.Debug|Any CPU.ActiveCfg = Debug|Any CPU
		{CD991B25-9DDE-4480-BC90-0B9F3428BDFC}.Debug|Any CPU.Build.0 = Debug|Any CPU
		{CD991B25-9DDE-4480-BC90-0B9F3428BDFC}.Release|Any CPU.ActiveCfg = Release|Any CPU
		{CD991B25-9DDE-4480-BC90-0B9F3428BDFC}.Release|Any CPU.Build.0 = Release|Any CPU
		{B63E969B-F7EC-4B6C-8540-67FC0C0C3E56}.Debug|Any CPU.ActiveCfg = Debug|Any CPU
		{B63E969B-F7EC-4B6C-8540-67FC0C0C3E56}.Debug|Any CPU.Build.0 = Debug|Any CPU
		{B63E969B-F7EC-4B6C-8540-67FC0C0C3E56}.Release|Any CPU.ActiveCfg = Release|Any CPU
		{B63E969B-F7EC-4B6C-8540-67FC0C0C3E56}.Release|Any CPU.Build.0 = Release|Any CPU
		{6088A89B-FE24-4E9C-AAE7-07C52617DB0F}.Debug|Any CPU.ActiveCfg = Debug|Any CPU
		{6088A89B-FE24-4E9C-AAE7-07C52617DB0F}.Debug|Any CPU.Build.0 = Debug|Any CPU
		{6088A89B-FE24-4E9C-AAE7-07C52617DB0F}.Release|Any CPU.ActiveCfg = Release|Any CPU
		{6088A89B-FE24-4E9C-AAE7-07C52617DB0F}.Release|Any CPU.Build.0 = Release|Any CPU
		{FF55887C-E1C5-4E0F-92C3-CDAFCC3C5B6B}.Debug|Any CPU.ActiveCfg = Debug|Any CPU
		{FF55887C-E1C5-4E0F-92C3-CDAFCC3C5B6B}.Debug|Any CPU.Build.0 = Debug|Any CPU
		{FF55887C-E1C5-4E0F-92C3-CDAFCC3C5B6B}.Release|Any CPU.ActiveCfg = Release|Any CPU
		{FF55887C-E1C5-4E0F-92C3-CDAFCC3C5B6B}.Release|Any CPU.Build.0 = Release|Any CPU
		{F2AC566D-340C-4FC3-8634-AD600C8F42E1}.Debug|Any CPU.ActiveCfg = Debug|Any CPU
		{F2AC566D-340C-4FC3-8634-AD600C8F42E1}.Debug|Any CPU.Build.0 = Debug|Any CPU
		{F2AC566D-340C-4FC3-8634-AD600C8F42E1}.Release|Any CPU.ActiveCfg = Release|Any CPU
		{F2AC566D-340C-4FC3-8634-AD600C8F42E1}.Release|Any CPU.Build.0 = Release|Any CPU
		{18ADC45C-F53D-40C2-B000-237796AC1E67}.Debug|Any CPU.ActiveCfg = Debug|Any CPU
		{18ADC45C-F53D-40C2-B000-237796AC1E67}.Debug|Any CPU.Build.0 = Debug|Any CPU
		{18ADC45C-F53D-40C2-B000-237796AC1E67}.Release|Any CPU.ActiveCfg = Release|Any CPU
		{18ADC45C-F53D-40C2-B000-237796AC1E67}.Release|Any CPU.Build.0 = Release|Any CPU
		{205F9D70-68CC-4EC2-81D3-BEEA6A979609}.Debug|Any CPU.ActiveCfg = Debug|Any CPU
		{205F9D70-68CC-4EC2-81D3-BEEA6A979609}.Debug|Any CPU.Build.0 = Debug|Any CPU
		{205F9D70-68CC-4EC2-81D3-BEEA6A979609}.Release|Any CPU.ActiveCfg = Release|Any CPU
		{205F9D70-68CC-4EC2-81D3-BEEA6A979609}.Release|Any CPU.Build.0 = Release|Any CPU
	EndGlobalSection
	GlobalSection(SolutionProperties) = preSolution
		HideSolutionNode = FALSE
	EndGlobalSection
	GlobalSection(NestedProjects) = preSolution
		{6088A89B-FE24-4E9C-AAE7-07C52617DB0F} = {CCC8BB91-AFB4-4FDC-BE62-34F74F08B2CC}
		{FF55887C-E1C5-4E0F-92C3-CDAFCC3C5B6B} = {CCC8BB91-AFB4-4FDC-BE62-34F74F08B2CC}
		{F2AC566D-340C-4FC3-8634-AD600C8F42E1} = {CCC8BB91-AFB4-4FDC-BE62-34F74F08B2CC}
		{18ADC45C-F53D-40C2-B000-237796AC1E67} = {CCC8BB91-AFB4-4FDC-BE62-34F74F08B2CC}
		{205F9D70-68CC-4EC2-81D3-BEEA6A979609} = {CCC8BB91-AFB4-4FDC-BE62-34F74F08B2CC}
	EndGlobalSection
EndGlobal
